
Microsoft Visual Studio Solution File, Format Version 12.00
# Visual Studio Version 16
VisualStudioVersion = 25.0.1706.0
MinimumVisualStudioVersion = 10.0.40219.1
Project("{FAE04EC0-301F-11D3-BF4B-00C04F79EFBC}") = "MealRecipeApp", "MealRecipeApp.csproj", "{B752310A-8023-4807-816F-C7AC102B03E2}"
EndProject
Global
	GlobalSection(SolutionConfigurationPlatforms) = preSolution
		Debug|Any CPU = Debug|Any CPU
		Release|Any CPU = Release|Any CPU
	EndGlobalSection
	GlobalSection(ProjectConfigurationPlatforms) = postSolution
		{B752310A-8023-4807-816F-C7AC102B03E2}.Debug|Any CPU.ActiveCfg = Debug|Any CPU
		{B752310A-8023-4807-816F-C7AC102B03E2}.Debug|Any CPU.Build.0 = Debug|Any CPU
		{B752310A-8023-4807-816F-C7AC102B03E2}.Release|Any CPU.ActiveCfg = Release|Any CPU
		{B752310A-8023-4807-816F-C7AC102B03E2}.Release|Any CPU.Build.0 = Release|Any CPU
	EndGlobalSection
	GlobalSection(SolutionProperties) = preSolution
		HideSolutionNode = FALSE
	EndGlobalSection
	GlobalSection(ExtensibilityGlobals) = postSolution
		SolutionGuid = {78F2DE8C-B4BE-4CFB-96AB-61278CC02FC4}
	EndGlobalSection
EndGlobal
